// !$*UTF8*$!
{
	archiveVersion = 1;
	classes = {
	};
	objectVersion = 46;
	objects = {

/* Begin PBXBuildFile section */
		60161CFB18DB99C600C1E971 /* Foundation.framework in Frameworks */ = {isa = PBXBuildFile; fileRef = 60161CFA18DB99C600C1E971 /* Foundation.framework */; };
		60161CFD18DB99C600C1E971 /* CoreGraphics.framework in Frameworks */ = {isa = PBXBuildFile; fileRef = 60161CFC18DB99C600C1E971 /* CoreGraphics.framework */; };
		60161CFF18DB99C600C1E971 /* UIKit.framework in Frameworks */ = {isa = PBXBuildFile; fileRef = 60161CFE18DB99C600C1E971 /* UIKit.framework */; };
		60161D0518DB99C600C1E971 /* InfoPlist.strings in Resources */ = {isa = PBXBuildFile; fileRef = 60161D0318DB99C600C1E971 /* InfoPlist.strings */; };
		60161D0718DB99C600C1E971 /* main.m in Sources */ = {isa = PBXBuildFile; fileRef = 60161D0618DB99C600C1E971 /* main.m */; };
		60161D0B18DB99C600C1E971 /* AppDelegate.m in Sources */ = {isa = PBXBuildFile; fileRef = 60161D0A18DB99C600C1E971 /* AppDelegate.m */; };
		60161D0E18DB99C600C1E971 /* Main.storyboard in Resources */ = {isa = PBXBuildFile; fileRef = 60161D0C18DB99C600C1E971 /* Main.storyboard */; };
		60161D1118DB99C600C1E971 /* ViewController.m in Sources */ = {isa = PBXBuildFile; fileRef = 60161D1018DB99C600C1E971 /* ViewController.m */; };
		60161D1318DB99C600C1E971 /* Images.xcassets in Resources */ = {isa = PBXBuildFile; fileRef = 60161D1218DB99C600C1E971 /* Images.xcassets */; };
		60161D1A18DB99C600C1E971 /* XCTest.framework in Frameworks */ = {isa = PBXBuildFile; fileRef = 60161D1918DB99C600C1E971 /* XCTest.framework */; };
		60161D1B18DB99C600C1E971 /* Foundation.framework in Frameworks */ = {isa = PBXBuildFile; fileRef = 60161CFA18DB99C600C1E971 /* Foundation.framework */; };
		60161D1C18DB99C600C1E971 /* UIKit.framework in Frameworks */ = {isa = PBXBuildFile; fileRef = 60161CFE18DB99C600C1E971 /* UIKit.framework */; };
		60161D2418DB99C600C1E971 /* InfoPlist.strings in Resources */ = {isa = PBXBuildFile; fileRef = 60161D2218DB99C600C1E971 /* InfoPlist.strings */; };
		60161D2618DB99C600C1E971 /* CraftBeerTests.m in Sources */ = {isa = PBXBuildFile; fileRef = 60161D2518DB99C600C1E971 /* CraftBeerTests.m */; };
		60161D3118DBA26F00C1E971 /* DetailViewController.m in Sources */ = {isa = PBXBuildFile; fileRef = 60161D3018DBA26F00C1E971 /* DetailViewController.m */; };
		60161D3418DBA88700C1E971 /* CraftBeerPlace.m in Sources */ = {isa = PBXBuildFile; fileRef = 60161D3318DBA88700C1E971 /* CraftBeerPlace.m */; };
		60161D3618DBB38E00C1E971 /* MapKit.framework in Frameworks */ = {isa = PBXBuildFile; fileRef = 60161D3518DBB38E00C1E971 /* MapKit.framework */; };
		606138A018DBCD6B00655FB1 /* AllViewController.m in Sources */ = {isa = PBXBuildFile; fileRef = 6061389F18DBCD6B00655FB1 /* AllViewController.m */; };
/* End PBXBuildFile section */

/* Begin PBXContainerItemProxy section */
		60161D1D18DB99C600C1E971 /* PBXContainerItemProxy */ = {
			isa = PBXContainerItemProxy;
			containerPortal = 60161CEF18DB99C600C1E971 /* Project object */;
			proxyType = 1;
			remoteGlobalIDString = 60161CF618DB99C600C1E971;
			remoteInfo = CraftBeer;
		};
/* End PBXContainerItemProxy section */

/* Begin PBXFileReference section */
		60161CF718DB99C600C1E971 /* CraftBeer.app */ = {isa = PBXFileReference; explicitFileType = wrapper.application; includeInIndex = 0; path = CraftBeer.app; sourceTree = BUILT_PRODUCTS_DIR; };
		60161CFA18DB99C600C1E971 /* Foundation.framework */ = {isa = PBXFileReference; lastKnownFileType = wrapper.framework; name = Foundation.framework; path = System/Library/Frameworks/Foundation.framework; sourceTree = SDKROOT; };
		60161CFC18DB99C600C1E971 /* CoreGraphics.framework */ = {isa = PBXFileReference; lastKnownFileType = wrapper.framework; name = CoreGraphics.framework; path = System/Library/Frameworks/CoreGraphics.framework; sourceTree = SDKROOT; };
		60161CFE18DB99C600C1E971 /* UIKit.framework */ = {isa = PBXFileReference; lastKnownFileType = wrapper.framework; name = UIKit.framework; path = System/Library/Frameworks/UIKit.framework; sourceTree = SDKROOT; };
		60161D0218DB99C600C1E971 /* CraftBeer-Info.plist */ = {isa = PBXFileReference; lastKnownFileType = text.plist.xml; path = "CraftBeer-Info.plist"; sourceTree = "<group>"; };
		60161D0418DB99C600C1E971 /* en */ = {isa = PBXFileReference; lastKnownFileType = text.plist.strings; name = en; path = en.lproj/InfoPlist.strings; sourceTree = "<group>"; };
		60161D0618DB99C600C1E971 /* main.m */ = {isa = PBXFileReference; lastKnownFileType = sourcecode.c.objc; path = main.m; sourceTree = "<group>"; };
		60161D0818DB99C600C1E971 /* CraftBeer-Prefix.pch */ = {isa = PBXFileReference; lastKnownFileType = sourcecode.c.h; path = "CraftBeer-Prefix.pch"; sourceTree = "<group>"; };
		60161D0918DB99C600C1E971 /* AppDelegate.h */ = {isa = PBXFileReference; lastKnownFileType = sourcecode.c.h; path = AppDelegate.h; sourceTree = "<group>"; };
		60161D0A18DB99C600C1E971 /* AppDelegate.m */ = {isa = PBXFileReference; lastKnownFileType = sourcecode.c.objc; path = AppDelegate.m; sourceTree = "<group>"; };
		60161D0D18DB99C600C1E971 /* Base */ = {isa = PBXFileReference; lastKnownFileType = file.storyboard; name = Base; path = Base.lproj/Main.storyboard; sourceTree = "<group>"; };
		60161D0F18DB99C600C1E971 /* ViewController.h */ = {isa = PBXFileReference; lastKnownFileType = sourcecode.c.h; path = ViewController.h; sourceTree = "<group>"; };
		60161D1018DB99C600C1E971 /* ViewController.m */ = {isa = PBXFileReference; lastKnownFileType = sourcecode.c.objc; path = ViewController.m; sourceTree = "<group>"; };
		60161D1218DB99C600C1E971 /* Images.xcassets */ = {isa = PBXFileReference; lastKnownFileType = folder.assetcatalog; path = Images.xcassets; sourceTree = "<group>"; };
		60161D1818DB99C600C1E971 /* CraftBeerTests.xctest */ = {isa = PBXFileReference; explicitFileType = wrapper.cfbundle; includeInIndex = 0; path = CraftBeerTests.xctest; sourceTree = BUILT_PRODUCTS_DIR; };
		60161D1918DB99C600C1E971 /* XCTest.framework */ = {isa = PBXFileReference; lastKnownFileType = wrapper.framework; name = XCTest.framework; path = Library/Frameworks/XCTest.framework; sourceTree = DEVELOPER_DIR; };
		60161D2118DB99C600C1E971 /* CraftBeerTests-Info.plist */ = {isa = PBXFileReference; lastKnownFileType = text.plist.xml; path = "CraftBeerTests-Info.plist"; sourceTree = "<group>"; };
		60161D2318DB99C600C1E971 /* en */ = {isa = PBXFileReference; lastKnownFileType = text.plist.strings; name = en; path = en.lproj/InfoPlist.strings; sourceTree = "<group>"; };
		60161D2518DB99C600C1E971 /* CraftBeerTests.m */ = {isa = PBXFileReference; lastKnownFileType = sourcecode.c.objc; path = CraftBeerTests.m; sourceTree = "<group>"; };
		60161D2F18DBA26F00C1E971 /* DetailViewController.h */ = {isa = PBXFileReference; fileEncoding = 4; lastKnownFileType = sourcecode.c.h; path = DetailViewController.h; sourceTree = "<group>"; };
		60161D3018DBA26F00C1E971 /* DetailViewController.m */ = {isa = PBXFileReference; fileEncoding = 4; lastKnownFileType = sourcecode.c.objc; path = DetailViewController.m; sourceTree = "<group>"; };
		60161D3218DBA88700C1E971 /* CraftBeerPlace.h */ = {isa = PBXFileReference; fileEncoding = 4; lastKnownFileType = sourcecode.c.h; path = CraftBeerPlace.h; sourceTree = "<group>"; };
		60161D3318DBA88700C1E971 /* CraftBeerPlace.m */ = {isa = PBXFileReference; fileEncoding = 4; lastKnownFileType = sourcecode.c.objc; path = CraftBeerPlace.m; sourceTree = "<group>"; };
		60161D3518DBB38E00C1E971 /* MapKit.framework */ = {isa = PBXFileReference; lastKnownFileType = wrapper.framework; name = MapKit.framework; path = System/Library/Frameworks/MapKit.framework; sourceTree = SDKROOT; };
		6061389E18DBCD6B00655FB1 /* AllViewController.h */ = {isa = PBXFileReference; fileEncoding = 4; lastKnownFileType = sourcecode.c.h; path = AllViewController.h; sourceTree = "<group>"; };
		6061389F18DBCD6B00655FB1 /* AllViewController.m */ = {isa = PBXFileReference; fileEncoding = 4; lastKnownFileType = sourcecode.c.objc; path = AllViewController.m; sourceTree = "<group>"; };
/* End PBXFileReference section */

/* Begin PBXFrameworksBuildPhase section */
		60161CF418DB99C600C1E971 /* Frameworks */ = {
			isa = PBXFrameworksBuildPhase;
			buildActionMask = 2147483647;
			files = (
				60161D3618DBB38E00C1E971 /* MapKit.framework in Frameworks */,
				60161CFD18DB99C600C1E971 /* CoreGraphics.framework in Frameworks */,
				60161CFF18DB99C600C1E971 /* UIKit.framework in Frameworks */,
				60161CFB18DB99C600C1E971 /* Foundation.framework in Frameworks */,
			);
			runOnlyForDeploymentPostprocessing = 0;
		};
		60161D1518DB99C600C1E971 /* Frameworks */ = {
			isa = PBXFrameworksBuildPhase;
			buildActionMask = 2147483647;
			files = (
				60161D1A18DB99C600C1E971 /* XCTest.framework in Frameworks */,
				60161D1C18DB99C600C1E971 /* UIKit.framework in Frameworks */,
				60161D1B18DB99C600C1E971 /* Foundation.framework in Frameworks */,
			);
			runOnlyForDeploymentPostprocessing = 0;
		};
/* End PBXFrameworksBuildPhase section */

/* Begin PBXGroup section */
		60161CEE18DB99C500C1E971 = {
			isa = PBXGroup;
			children = (
				60161D0018DB99C600C1E971 /* CraftBeer */,
				60161D1F18DB99C600C1E971 /* CraftBeerTests */,
				60161CF918DB99C600C1E971 /* Frameworks */,
				60161CF818DB99C600C1E971 /* Products */,
			);
			sourceTree = "<group>";
		};
		60161CF818DB99C600C1E971 /* Products */ = {
			isa = PBXGroup;
			children = (
				60161CF718DB99C600C1E971 /* CraftBeer.app */,
				60161D1818DB99C600C1E971 /* CraftBeerTests.xctest */,
			);
			name = Products;
			sourceTree = "<group>";
		};
		60161CF918DB99C600C1E971 /* Frameworks */ = {
			isa = PBXGroup;
			children = (
				60161D3518DBB38E00C1E971 /* MapKit.framework */,
				60161CFA18DB99C600C1E971 /* Foundation.framework */,
				60161CFC18DB99C600C1E971 /* CoreGraphics.framework */,
				60161CFE18DB99C600C1E971 /* UIKit.framework */,
				60161D1918DB99C600C1E971 /* XCTest.framework */,
			);
			name = Frameworks;
			sourceTree = "<group>";
		};
		60161D0018DB99C600C1E971 /* CraftBeer */ = {
			isa = PBXGroup;
			children = (
				60161D0918DB99C600C1E971 /* AppDelegate.h */,
				60161D0A18DB99C600C1E971 /* AppDelegate.m */,
				60161D0C18DB99C600C1E971 /* Main.storyboard */,
				6061389E18DBCD6B00655FB1 /* AllViewController.h */,
				6061389F18DBCD6B00655FB1 /* AllViewController.m */,
				60161D2F18DBA26F00C1E971 /* DetailViewController.h */,
				60161D3018DBA26F00C1E971 /* DetailViewController.m */,
				60161D0F18DB99C600C1E971 /* ViewController.h */,
				60161D1018DB99C600C1E971 /* ViewController.m */,
				60161D1218DB99C600C1E971 /* Images.xcassets */,
				60161D0118DB99C600C1E971 /* Supporting Files */,
				60161D3218DBA88700C1E971 /* CraftBeerPlace.h */,
				60161D3318DBA88700C1E971 /* CraftBeerPlace.m */,
			);
			path = CraftBeer;
			sourceTree = "<group>";
		};
		60161D0118DB99C600C1E971 /* Supporting Files */ = {
			isa = PBXGroup;
			children = (
				60161D0218DB99C600C1E971 /* CraftBeer-Info.plist */,
				60161D0318DB99C600C1E971 /* InfoPlist.strings */,
				60161D0618DB99C600C1E971 /* main.m */,
				60161D0818DB99C600C1E971 /* CraftBeer-Prefix.pch */,
			);
			name = "Supporting Files";
			sourceTree = "<group>";
		};
		60161D1F18DB99C600C1E971 /* CraftBeerTests */ = {
			isa = PBXGroup;
			children = (
				60161D2518DB99C600C1E971 /* CraftBeerTests.m */,
				60161D2018DB99C600C1E971 /* Supporting Files */,
			);
			path = CraftBeerTests;
			sourceTree = "<group>";
		};
		60161D2018DB99C600C1E971 /* Supporting Files */ = {
			isa = PBXGroup;
			children = (
				60161D2118DB99C600C1E971 /* CraftBeerTests-Info.plist */,
				60161D2218DB99C600C1E971 /* InfoPlist.strings */,
			);
			name = "Supporting Files";
			sourceTree = "<group>";
		};
/* End PBXGroup section */

/* Begin PBXNativeTarget section */
		60161CF618DB99C600C1E971 /* CraftBeer */ = {
			isa = PBXNativeTarget;
			buildConfigurationList = 60161D2918DB99C600C1E971 /* Build configuration list for PBXNativeTarget "CraftBeer" */;
			buildPhases = (
				60161CF318DB99C600C1E971 /* Sources */,
				60161CF418DB99C600C1E971 /* Frameworks */,
				60161CF518DB99C600C1E971 /* Resources */,
			);
			buildRules = (
			);
			dependencies = (
			);
			name = CraftBeer;
			productName = CraftBeer;
			productReference = 60161CF718DB99C600C1E971 /* CraftBeer.app */;
			productType = "com.apple.product-type.application";
		};
		60161D1718DB99C600C1E971 /* CraftBeerTests */ = {
			isa = PBXNativeTarget;
			buildConfigurationList = 60161D2C18DB99C600C1E971 /* Build configuration list for PBXNativeTarget "CraftBeerTests" */;
			buildPhases = (
				60161D1418DB99C600C1E971 /* Sources */,
				60161D1518DB99C600C1E971 /* Frameworks */,
				60161D1618DB99C600C1E971 /* Resources */,
			);
			buildRules = (
			);
			dependencies = (
				60161D1E18DB99C600C1E971 /* PBXTargetDependency */,
			);
			name = CraftBeerTests;
			productName = CraftBeerTests;
			productReference = 60161D1818DB99C600C1E971 /* CraftBeerTests.xctest */;
			productType = "com.apple.product-type.bundle.unit-test";
		};
/* End PBXNativeTarget section */

/* Begin PBXProject section */
		60161CEF18DB99C600C1E971 /* Project object */ = {
			isa = PBXProject;
			attributes = {
				LastUpgradeCheck = 0500;
				ORGANIZATIONNAME = "Russell Gaspard";
				TargetAttributes = {
					60161D1718DB99C600C1E971 = {
						TestTargetID = 60161CF618DB99C600C1E971;
					};
				};
			};
			buildConfigurationList = 60161CF218DB99C600C1E971 /* Build configuration list for PBXProject "CraftBeer" */;
			compatibilityVersion = "Xcode 3.2";
			developmentRegion = English;
			hasScannedForEncodings = 0;
			knownRegions = (
				en,
				Base,
			);
			mainGroup = 60161CEE18DB99C500C1E971;
			productRefGroup = 60161CF818DB99C600C1E971 /* Products */;
			projectDirPath = "";
			projectRoot = "";
			targets = (
				60161CF618DB99C600C1E971 /* CraftBeer */,
				60161D1718DB99C600C1E971 /* CraftBeerTests */,
			);
		};
/* End PBXProject section */

/* Begin PBXResourcesBuildPhase section */
		60161CF518DB99C600C1E971 /* Resources */ = {
			isa = PBXResourcesBuildPhase;
			buildActionMask = 2147483647;
			files = (
				60161D1318DB99C600C1E971 /* Images.xcassets in Resources */,
				60161D0518DB99C600C1E971 /* InfoPlist.strings in Resources */,
				60161D0E18DB99C600C1E971 /* Main.storyboard in Resources */,
			);
			runOnlyForDeploymentPostprocessing = 0;
		};
		60161D1618DB99C600C1E971 /* Resources */ = {
			isa = PBXResourcesBuildPhase;
			buildActionMask = 2147483647;
			files = (
				60161D2418DB99C600C1E971 /* InfoPlist.strings in Resources */,
			);
			runOnlyForDeploymentPostprocessing = 0;
		};
/* End PBXResourcesBuildPhase section */

/* Begin PBXSourcesBuildPhase section */
		60161CF318DB99C600C1E971 /* Sources */ = {
			isa = PBXSourcesBuildPhase;
			buildActionMask = 2147483647;
			files = (
				60161D3418DBA88700C1E971 /* CraftBeerPlace.m in Sources */,
				60161D1118DB99C600C1E971 /* ViewController.m in Sources */,
				60161D0B18DB99C600C1E971 /* AppDelegate.m in Sources */,
				60161D0718DB99C600C1E971 /* main.m in Sources */,
				606138A018DBCD6B00655FB1 /* AllViewController.m in Sources */,
				60161D3118DBA26F00C1E971 /* DetailViewController.m in Sources */,
			);
			runOnlyForDeploymentPostprocessing = 0;
		};
		60161D1418DB99C600C1E971 /* Sources */ = {
			isa = PBXSourcesBuildPhase;
			buildActionMask = 2147483647;
			files = (
				60161D2618DB99C600C1E971 /* CraftBeerTests.m in Sources */,
			);
			runOnlyForDeploymentPostprocessing = 0;
		};
/* End PBXSourcesBuildPhase section */

/* Begin PBXTargetDependency section */
		60161D1E18DB99C600C1E971 /* PBXTargetDependency */ = {
			isa = PBXTargetDependency;
			target = 60161CF618DB99C600C1E971 /* CraftBeer */;
			targetProxy = 60161D1D18DB99C600C1E971 /* PBXContainerItemProxy */;
		};
/* End PBXTargetDependency section */

/* Begin PBXVariantGroup section */
		60161D0318DB99C600C1E971 /* InfoPlist.strings */ = {
			isa = PBXVariantGroup;
			children = (
				60161D0418DB99C600C1E971 /* en */,
			);
			name = InfoPlist.strings;
			sourceTree = "<group>";
		};
		60161D0C18DB99C600C1E971 /* Main.storyboard */ = {
			isa = PBXVariantGroup;
			children = (
				60161D0D18DB99C600C1E971 /* Base */,
			);
			name = Main.storyboard;
			sourceTree = "<group>";
		};
		60161D2218DB99C600C1E971 /* InfoPlist.strings */ = {
			isa = PBXVariantGroup;
			children = (
				60161D2318DB99C600C1E971 /* en */,
			);
			name = InfoPlist.strings;
			sourceTree = "<group>";
		};
/* End PBXVariantGroup section */

/* Begin XCBuildConfiguration section */
		60161D2718DB99C600C1E971 /* Debug */ = {
			isa = XCBuildConfiguration;
			buildSettings = {
				ALWAYS_SEARCH_USER_PATHS = NO;
				ARCHS = "$(ARCHS_STANDARD_INCLUDING_64_BIT)";
				CLANG_CXX_LANGUAGE_STANDARD = "gnu++0x";
				CLANG_CXX_LIBRARY = "libc++";
				CLANG_ENABLE_MODULES = YES;
				CLANG_ENABLE_OBJC_ARC = YES;
				CLANG_WARN_BOOL_CONVERSION = YES;
				CLANG_WARN_CONSTANT_CONVERSION = YES;
				CLANG_WARN_DIRECT_OBJC_ISA_USAGE = YES_ERROR;
				CLANG_WARN_EMPTY_BODY = YES;
				CLANG_WARN_ENUM_CONVERSION = YES;
				CLANG_WARN_INT_CONVERSION = YES;
				CLANG_WARN_OBJC_ROOT_CLASS = YES_ERROR;
				CLANG_WARN__DUPLICATE_METHOD_MATCH = YES;
				"CODE_SIGN_IDENTITY[sdk=iphoneos*]" = "iPhone Developer";
				COPY_PHASE_STRIP = NO;
				GCC_C_LANGUAGE_STANDARD = gnu99;
				GCC_DYNAMIC_NO_PIC = NO;
				GCC_OPTIMIZATION_LEVEL = 0;
				GCC_PREPROCESSOR_DEFINITIONS = (
					"DEBUG=1",
					"$(inherited)",
				);
				GCC_SYMBOLS_PRIVATE_EXTERN = NO;
				GCC_WARN_64_TO_32_BIT_CONVERSION = YES;
				GCC_WARN_ABOUT_RETURN_TYPE = YES_ERROR;
				GCC_WARN_UNDECLARED_SELECTOR = YES;
				GCC_WARN_UNINITIALIZED_AUTOS = YES;
				GCC_WARN_UNUSED_FUNCTION = YES;
				GCC_WARN_UNUSED_VARIABLE = YES;
				IPHONEOS_DEPLOYMENT_TARGET = 7.0;
				ONLY_ACTIVE_ARCH = YES;
				SDKROOT = iphoneos;
			};
			name = Debug;
		};
		60161D2818DB99C600C1E971 /* Release */ = {
			isa = XCBuildConfiguration;
			buildSettings = {
				ALWAYS_SEARCH_USER_PATHS = NO;
				ARCHS = "$(ARCHS_STANDARD_INCLUDING_64_BIT)";
				CLANG_CXX_LANGUAGE_STANDARD = "gnu++0x";
				CLANG_CXX_LIBRARY = "libc++";
				CLANG_ENABLE_MODULES = YES;
				CLANG_ENABLE_OBJC_ARC = YES;
				CLANG_WARN_BOOL_CONVERSION = YES;
				CLANG_WARN_CONSTANT_CONVERSION = YES;
				CLANG_WARN_DIRECT_OBJC_ISA_USAGE = YES_ERROR;
				CLANG_WARN_EMPTY_BODY = YES;
				CLANG_WARN_ENUM_CONVERSION = YES;
				CLANG_WARN_INT_CONVERSION = YES;
				CLANG_WARN_OBJC_ROOT_CLASS = YES_ERROR;
				CLANG_WARN__DUPLICATE_METHOD_MATCH = YES;
				"CODE_SIGN_IDENTITY[sdk=iphoneos*]" = "iPhone Developer";
				COPY_PHASE_STRIP = YES;
				ENABLE_NS_ASSERTIONS = NO;
				GCC_C_LANGUAGE_STANDARD = gnu99;
				GCC_WARN_64_TO_32_BIT_CONVERSION = YES;
				GCC_WARN_ABOUT_RETURN_TYPE = YES_ERROR;
				GCC_WARN_UNDECLARED_SELECTOR = YES;
				GCC_WARN_UNINITIALIZED_AUTOS = YES;
				GCC_WARN_UNUSED_FUNCTION = YES;
				GCC_WARN_UNUSED_VARIABLE = YES;
				IPHONEOS_DEPLOYMENT_TARGET = 7.0;
				SDKROOT = iphoneos;
				VALIDATE_PRODUCT = YES;
			};
			name = Release;
		};
		60161D2A18DB99C600C1E971 /* Debug */ = {
			isa = XCBuildConfiguration;
			buildSettings = {
				ASSETCATALOG_COMPILER_APPICON_NAME = AppIcon;
				ASSETCATALOG_COMPILER_LAUNCHIMAGE_NAME = LaunchImage;
				GCC_PRECOMPILE_PREFIX_HEADER = YES;
				GCC_PREFIX_HEADER = "CraftBeer/CraftBeer-Prefix.pch";
				INFOPLIST_FILE = "CraftBeer/CraftBeer-Info.plist";
				PRODUCT_NAME = "$(TARGET_NAME)";
				WRAPPER_EXTENSION = app;
			};
			name = Debug;
		};
		60161D2B18DB99C600C1E971 /* Release */ = {
			isa = XCBuildConfiguration;
			buildSettings = {
				ASSETCATALOG_COMPILER_APPICON_NAME = AppIcon;
				ASSETCATALOG_COMPILER_LAUNCHIMAGE_NAME = LaunchImage;
				GCC_PRECOMPILE_PREFIX_HEADER = YES;
				GCC_PREFIX_HEADER = "CraftBeer/CraftBeer-Prefix.pch";
				INFOPLIST_FILE = "CraftBeer/CraftBeer-Info.plist";
				PRODUCT_NAME = "$(TARGET_NAME)";
				WRAPPER_EXTENSION = app;
			};
			name = Release;
		};
		60161D2D18DB99C600C1E971 /* Debug */ = {
			isa = XCBuildConfiguration;
			buildSettings = {
				ARCHS = "$(ARCHS_STANDARD_INCLUDING_64_BIT)";
				BUNDLE_LOADER = "$(BUILT_PRODUCTS_DIR)/CraftBeer.app/CraftBeer";
				FRAMEWORK_SEARCH_PATHS = (
					"$(SDKROOT)/Developer/Library/Frameworks",
					"$(inherited)",
					"$(DEVELOPER_FRAMEWORKS_DIR)",
				);
				GCC_PRECOMPILE_PREFIX_HEADER = YES;
				GCC_PREFIX_HEADER = "CraftBeer/CraftBeer-Prefix.pch";
				GCC_PREPROCESSOR_DEFINITIONS = (
					"DEBUG=1",
					"$(inherited)",
				);
				INFOPLIST_FILE = "CraftBeerTests/CraftBeerTests-Info.plist";
				PRODUCT_NAME = "$(TARGET_NAME)";
				TEST_HOST = "$(BUNDLE_LOADER)";
				WRAPPER_EXTENSION = xctest;
			};
			name = Debug;
		};
		60161D2E18DB99C600C1E971 /* Release */ = {
			isa = XCBuildConfiguration;
			buildSettings = {
				ARCHS = "$(ARCHS_STANDARD_INCLUDING_64_BIT)";
				BUNDLE_LOADER = "$(BUILT_PRODUCTS_DIR)/CraftBeer.app/CraftBeer";
				FRAMEWORK_SEARCH_PATHS = (
					"$(SDKROOT)/Developer/Library/Frameworks",
					"$(inherited)",
					"$(DEVELOPER_FRAMEWORKS_DIR)",
				);
				GCC_PRECOMPILE_PREFIX_HEADER = YES;
				GCC_PREFIX_HEADER = "CraftBeer/CraftBeer-Prefix.pch";
				INFOPLIST_FILE = "CraftBeerTests/CraftBeerTests-Info.plist";
				PRODUCT_NAME = "$(TARGET_NAME)";
				TEST_HOST = "$(BUNDLE_LOADER)";
				WRAPPER_EXTENSION = xctest;
			};
			name = Release;
		};
/* End XCBuildConfiguration section */

/* Begin XCConfigurationList section */
		60161CF218DB99C600C1E971 /* Build configuration list for PBXProject "CraftBeer" */ = {
			isa = XCConfigurationList;
			buildConfigurations = (
				60161D2718DB99C600C1E971 /* Debug */,
				60161D2818DB99C600C1E971 /* Release */,
			);
			defaultConfigurationIsVisible = 0;
			defaultConfigurationName = Release;
		};
		60161D2918DB99C600C1E971 /* Build configuration list for PBXNativeTarget "CraftBeer" */ = {
			isa = XCConfigurationList;
			buildConfigurations = (
				60161D2A18DB99C600C1E971 /* Debug */,
				60161D2B18DB99C600C1E971 /* Release */,
			);
			defaultConfigurationIsVisible = 0;
			defaultConfigurationName = Release;
		};
		60161D2C18DB99C600C1E971 /* Build configuration list for PBXNativeTarget "CraftBeerTests" */ = {
			isa = XCConfigurationList;
			buildConfigurations = (
				60161D2D18DB99C600C1E971 /* Debug */,
				60161D2E18DB99C600C1E971 /* Release */,
			);
			defaultConfigurationIsVisible = 0;
			defaultConfigurationName = Release;
		};
/* End XCConfigurationList section */
	};
	rootObject = 60161CEF18DB99C600C1E971 /* Project object */;
}
